// !$*UTF8*$!
{
	archiveVersion = 1;
	classes = {
	};
	objectVersion = 55;
	objects = {

/* Begin PBXBuildFile section */
		76BF443DB8E6358703C7D9F6 /* Pods_originalAppTest1.framework in Frameworks */ = {isa = PBXBuildFile; fileRef = B3CBD27A91E689E6BDAF6F72 /* Pods_originalAppTest1.framework */; };
		BF214D47271207B300C2CFBD /* Animation.json in Resources */ = {isa = PBXBuildFile; fileRef = BF214D46271207B300C2CFBD /* Animation.json */; };
		BF6455432711D1D30029C61E /* AppDelegate.swift in Sources */ = {isa = PBXBuildFile; fileRef = BF6455422711D1D30029C61E /* AppDelegate.swift */; };
		BF6455452711D1D30029C61E /* SceneDelegate.swift in Sources */ = {isa = PBXBuildFile; fileRef = BF6455442711D1D30029C61E /* SceneDelegate.swift */; };
		BF6455472711D1D30029C61E /* ViewController.swift in Sources */ = {isa = PBXBuildFile; fileRef = BF6455462711D1D30029C61E /* ViewController.swift */; };
		BF64554A2711D1D30029C61E /* Main.storyboard in Resources */ = {isa = PBXBuildFile; fileRef = BF6455482711D1D30029C61E /* Main.storyboard */; };
		BF64554C2711D1D40029C61E /* Assets.xcassets in Resources */ = {isa = PBXBuildFile; fileRef = BF64554B2711D1D40029C61E /* Assets.xcassets */; };
		BF64554F2711D1D40029C61E /* LaunchScreen.storyboard in Resources */ = {isa = PBXBuildFile; fileRef = BF64554D2711D1D40029C61E /* LaunchScreen.storyboard */; };
/* End PBXBuildFile section */

/* Begin PBXFileReference section */
		B3CBD27A91E689E6BDAF6F72 /* Pods_originalAppTest1.framework */ = {isa = PBXFileReference; explicitFileType = wrapper.framework; includeInIndex = 0; path = Pods_originalAppTest1.framework; sourceTree = BUILT_PRODUCTS_DIR; };
		BF214D46271207B300C2CFBD /* Animation.json */ = {isa = PBXFileReference; fileEncoding = 4; lastKnownFileType = text.json; path = Animation.json; sourceTree = "<group>"; };
		BF64553F2711D1D30029C61E /* originalAppTest1.app */ = {isa = PBXFileReference; explicitFileType = wrapper.application; includeInIndex = 0; path = originalAppTest1.app; sourceTree = BUILT_PRODUCTS_DIR; };
		BF6455422711D1D30029C61E /* AppDelegate.swift */ = {isa = PBXFileReference; lastKnownFileType = sourcecode.swift; path = AppDelegate.swift; sourceTree = "<group>"; };
		BF6455442711D1D30029C61E /* SceneDelegate.swift */ = {isa = PBXFileReference; lastKnownFileType = sourcecode.swift; path = SceneDelegate.swift; sourceTree = "<group>"; };
		BF6455462711D1D30029C61E /* ViewController.swift */ = {isa = PBXFileReference; lastKnownFileType = sourcecode.swift; path = ViewController.swift; sourceTree = "<group>"; };
		BF6455492711D1D30029C61E /* Base */ = {isa = PBXFileReference; lastKnownFileType = file.storyboard; name = Base; path = Base.lproj/Main.storyboard; sourceTree = "<group>"; };
		BF64554B2711D1D40029C61E /* Assets.xcassets */ = {isa = PBXFileReference; lastKnownFileType = folder.assetcatalog; path = Assets.xcassets; sourceTree = "<group>"; };
		BF64554E2711D1D40029C61E /* Base */ = {isa = PBXFileReference; lastKnownFileType = file.storyboard; name = Base; path = Base.lproj/LaunchScreen.storyboard; sourceTree = "<group>"; };
		BF6455502711D1D40029C61E /* Info.plist */ = {isa = PBXFileReference; lastKnownFileType = text.plist.xml; path = Info.plist; sourceTree = "<group>"; };
		BF7BAA5727130A6B00AA08EA /* オリジナルアプリ.key */ = {isa = PBXFileReference; lastKnownFileType = file; path = "オリジナルアプリ.key"; sourceTree = "<group>"; };
		D38070F747DF0CB49B3C32F0 /* Pods-originalAppTest1.release.xcconfig */ = {isa = PBXFileReference; includeInIndex = 1; lastKnownFileType = text.xcconfig; name = "Pods-originalAppTest1.release.xcconfig"; path = "Target Support Files/Pods-originalAppTest1/Pods-originalAppTest1.release.xcconfig"; sourceTree = "<group>"; };
		F7E7C6ABD2E9D8BE72566121 /* Pods-originalAppTest1.debug.xcconfig */ = {isa = PBXFileReference; includeInIndex = 1; lastKnownFileType = text.xcconfig; name = "Pods-originalAppTest1.debug.xcconfig"; path = "Target Support Files/Pods-originalAppTest1/Pods-originalAppTest1.debug.xcconfig"; sourceTree = "<group>"; };
/* End PBXFileReference section */

/* Begin PBXFrameworksBuildPhase section */
		BF64553C2711D1D30029C61E /* Frameworks */ = {
			isa = PBXFrameworksBuildPhase;
			buildActionMask = 2147483647;
			files = (
				76BF443DB8E6358703C7D9F6 /* Pods_originalAppTest1.framework in Frameworks */,
			);
			runOnlyForDeploymentPostprocessing = 0;
		};
/* End PBXFrameworksBuildPhase section */

/* Begin PBXGroup section */
		44FA1C68794C7B86CEB7F4F5 /* Pods */ = {
			isa = PBXGroup;
			children = (
				F7E7C6ABD2E9D8BE72566121 /* Pods-originalAppTest1.debug.xcconfig */,
				D38070F747DF0CB49B3C32F0 /* Pods-originalAppTest1.release.xcconfig */,
			);
			path = Pods;
			sourceTree = "<group>";
		};
		BF6455362711D1D30029C61E = {
			isa = PBXGroup;
			children = (
				BF7BAA5627130A3A00AA08EA /* Document */,
				BF6455412711D1D30029C61E /* originalAppTest1 */,
				BF6455402711D1D30029C61E /* Products */,
				44FA1C68794C7B86CEB7F4F5 /* Pods */,
				C9BE6F6C61C82846148255F3 /* Frameworks */,
			);
			sourceTree = "<group>";
		};
		BF6455402711D1D30029C61E /* Products */ = {
			isa = PBXGroup;
			children = (
				BF64553F2711D1D30029C61E /* originalAppTest1.app */,
			);
			name = Products;
			sourceTree = "<group>";
		};
		BF6455412711D1D30029C61E /* originalAppTest1 */ = {
			isa = PBXGroup;
			children = (
				BF6455422711D1D30029C61E /* AppDelegate.swift */,
				BF6455442711D1D30029C61E /* SceneDelegate.swift */,
				BF6455462711D1D30029C61E /* ViewController.swift */,
				BF6455482711D1D30029C61E /* Main.storyboard */,
				BF64554B2711D1D40029C61E /* Assets.xcassets */,
				BF64554D2711D1D40029C61E /* LaunchScreen.storyboard */,
				BF214D46271207B300C2CFBD /* Animation.json */,
				BF6455502711D1D40029C61E /* Info.plist */,
			);
			path = originalAppTest1;
			sourceTree = "<group>";
		};
		BF7BAA5627130A3A00AA08EA /* Document */ = {
			isa = PBXGroup;
			children = (
				BF7BAA5727130A6B00AA08EA /* オリジナルアプリ.key */,
			);
			path = Document;
			sourceTree = "<group>";
		};
		C9BE6F6C61C82846148255F3 /* Frameworks */ = {
			isa = PBXGroup;
			children = (
				B3CBD27A91E689E6BDAF6F72 /* Pods_originalAppTest1.framework */,
			);
			name = Frameworks;
			sourceTree = "<group>";
		};
/* End PBXGroup section */

/* Begin PBXNativeTarget section */
		BF64553E2711D1D30029C61E /* originalAppTest1 */ = {
			isa = PBXNativeTarget;
			buildConfigurationList = BF6455532711D1D40029C61E /* Build configuration list for PBXNativeTarget "originalAppTest1" */;
			buildPhases = (
				75F5FED77DA397B7CFE1CAD2 /* [CP] Check Pods Manifest.lock */,
				BF64553B2711D1D30029C61E /* Sources */,
				BF64553C2711D1D30029C61E /* Frameworks */,
				BF64553D2711D1D30029C61E /* Resources */,
				407FFD5E539A72A2E3C889E2 /* [CP] Embed Pods Frameworks */,
			);
			buildRules = (
			);
			dependencies = (
			);
			name = originalAppTest1;
			productName = originalAppTest1;
			productReference = BF64553F2711D1D30029C61E /* originalAppTest1.app */;
			productType = "com.apple.product-type.application";
		};
/* End PBXNativeTarget section */

/* Begin PBXProject section */
		BF6455372711D1D30029C61E /* Project object */ = {
			isa = PBXProject;
			attributes = {
				BuildIndependentTargetsInParallel = 1;
				LastSwiftUpdateCheck = 1300;
				LastUpgradeCheck = 1300;
				TargetAttributes = {
					BF64553E2711D1D30029C61E = {
						CreatedOnToolsVersion = 13.0;
					};
				};
			};
			buildConfigurationList = BF64553A2711D1D30029C61E /* Build configuration list for PBXProject "originalAppTest1" */;
			compatibilityVersion = "Xcode 13.0";
			developmentRegion = en;
			hasScannedForEncodings = 0;
			knownRegions = (
				en,
				Base,
			);
			mainGroup = BF6455362711D1D30029C61E;
			productRefGroup = BF6455402711D1D30029C61E /* Products */;
			projectDirPath = "";
			projectRoot = "";
			targets = (
				BF64553E2711D1D30029C61E /* originalAppTest1 */,
			);
		};
/* End PBXProject section */

/* Begin PBXResourcesBuildPhase section */
		BF64553D2711D1D30029C61E /* Resources */ = {
			isa = PBXResourcesBuildPhase;
			buildActionMask = 2147483647;
			files = (
				BF64554F2711D1D40029C61E /* LaunchScreen.storyboard in Resources */,
				BF64554C2711D1D40029C61E /* Assets.xcassets in Resources */,
				BF214D47271207B300C2CFBD /* Animation.json in Resources */,
				BF64554A2711D1D30029C61E /* Main.storyboard in Resources */,
			);
			runOnlyForDeploymentPostprocessing = 0;
		};
/* End PBXResourcesBuildPhase section */

/* Begin PBXShellScriptBuildPhase section */
		407FFD5E539A72A2E3C889E2 /* [CP] Embed Pods Frameworks */ = {
			isa = PBXShellScriptBuildPhase;
			buildActionMask = 2147483647;
			files = (
			);
			inputFileListPaths = (
				"${PODS_ROOT}/Target Support Files/Pods-originalAppTest1/Pods-originalAppTest1-frameworks-${CONFIGURATION}-input-files.xcfilelist",
			);
			name = "[CP] Embed Pods Frameworks";
			outputFileListPaths = (
				"${PODS_ROOT}/Target Support Files/Pods-originalAppTest1/Pods-originalAppTest1-frameworks-${CONFIGURATION}-output-files.xcfilelist",
			);
			runOnlyForDeploymentPostprocessing = 0;
			shellPath = /bin/sh;
			shellScript = "\"${PODS_ROOT}/Target Support Files/Pods-originalAppTest1/Pods-originalAppTest1-frameworks.sh\"\n";
			showEnvVarsInLog = 0;
		};
		75F5FED77DA397B7CFE1CAD2 /* [CP] Check Pods Manifest.lock */ = {
			isa = PBXShellScriptBuildPhase;
			buildActionMask = 2147483647;
			files = (
			);
			inputFileListPaths = (
			);
			inputPaths = (
				"${PODS_PODFILE_DIR_PATH}/Podfile.lock",
				"${PODS_ROOT}/Manifest.lock",
			);
			name = "[CP] Check Pods Manifest.lock";
			outputFileListPaths = (
			);
			outputPaths = (
				"$(DERIVED_FILE_DIR)/Pods-originalAppTest1-checkManifestLockResult.txt",
			);
			runOnlyForDeploymentPostprocessing = 0;
			shellPath = /bin/sh;
			shellScript = "diff \"${PODS_PODFILE_DIR_PATH}/Podfile.lock\" \"${PODS_ROOT}/Manifest.lock\" > /dev/null\nif [ $? != 0 ] ; then\n    # print error to STDERR\n    echo \"error: The sandbox is not in sync with the Podfile.lock. Run 'pod install' or update your CocoaPods installation.\" >&2\n    exit 1\nfi\n# This output is used by Xcode 'outputs' to avoid re-running this script phase.\necho \"SUCCESS\" > \"${SCRIPT_OUTPUT_FILE_0}\"\n";
			showEnvVarsInLog = 0;
		};
/* End PBXShellScriptBuildPhase section */

/* Begin PBXSourcesBuildPhase section */
		BF64553B2711D1D30029C61E /* Sources */ = {
			isa = PBXSourcesBuildPhase;
			buildActionMask = 2147483647;
			files = (
				BF6455472711D1D30029C61E /* ViewController.swift in Sources */,
				BF6455432711D1D30029C61E /* AppDelegate.swift in Sources */,
				BF6455452711D1D30029C61E /* SceneDelegate.swift in Sources */,
			);
			runOnlyForDeploymentPostprocessing = 0;
		};
/* End PBXSourcesBuildPhase section */

/* Begin PBXVariantGroup section */
		BF6455482711D1D30029C61E /* Main.storyboard */ = {
			isa = PBXVariantGroup;
			children = (
				BF6455492711D1D30029C61E /* Base */,
			);
			name = Main.storyboard;
			sourceTree = "<group>";
		};
		BF64554D2711D1D40029C61E /* LaunchScreen.storyboard */ = {
			isa = PBXVariantGroup;
			children = (
				BF64554E2711D1D40029C61E /* Base */,
			);
			name = LaunchScreen.storyboard;
			sourceTree = "<group>";
		};
/* End PBXVariantGroup section */

/* Begin XCBuildConfiguration section */
		BF6455512711D1D40029C61E /* Debug */ = {
			isa = XCBuildConfiguration;
			buildSettings = {
				ALWAYS_SEARCH_USER_PATHS = NO;
				CLANG_ANALYZER_NONNULL = YES;
				CLANG_ANALYZER_NUMBER_OBJECT_CONVERSION = YES_AGGRESSIVE;
				CLANG_CXX_LANGUAGE_STANDARD = "gnu++17";
				CLANG_CXX_LIBRARY = "libc++";
				CLANG_ENABLE_MODULES = YES;
				CLANG_ENABLE_OBJC_ARC = YES;
				CLANG_ENABLE_OBJC_WEAK = YES;
				CLANG_WARN_BLOCK_CAPTURE_AUTORELEASING = YES;
				CLANG_WARN_BOOL_CONVERSION = YES;
				CLANG_WARN_COMMA = YES;
				CLANG_WARN_CONSTANT_CONVERSION = YES;
				CLANG_WARN_DEPRECATED_OBJC_IMPLEMENTATIONS = YES;
				CLANG_WARN_DIRECT_OBJC_ISA_USAGE = YES_ERROR;
				CLANG_WARN_DOCUMENTATION_COMMENTS = YES;
				CLANG_WARN_EMPTY_BODY = YES;
				CLANG_WARN_ENUM_CONVERSION = YES;
				CLANG_WARN_INFINITE_RECURSION = YES;
				CLANG_WARN_INT_CONVERSION = YES;
				CLANG_WARN_NON_LITERAL_NULL_CONVERSION = YES;
				CLANG_WARN_OBJC_IMPLICIT_RETAIN_SELF = YES;
				CLANG_WARN_OBJC_LITERAL_CONVERSION = YES;
				CLANG_WARN_OBJC_ROOT_CLASS = YES_ERROR;
				CLANG_WARN_QUOTED_INCLUDE_IN_FRAMEWORK_HEADER = YES;
				CLANG_WARN_RANGE_LOOP_ANALYSIS = YES;
				CLANG_WARN_STRICT_PROTOTYPES = YES;
				CLANG_WARN_SUSPICIOUS_MOVE = YES;
				CLANG_WARN_UNGUARDED_AVAILABILITY = YES_AGGRESSIVE;
				CLANG_WARN_UNREACHABLE_CODE = YES;
				CLANG_WARN__DUPLICATE_METHOD_MATCH = YES;
				COPY_PHASE_STRIP = NO;
				DEBUG_INFORMATION_FORMAT = dwarf;
				ENABLE_STRICT_OBJC_MSGSEND = YES;
				ENABLE_TESTABILITY = YES;
				GCC_C_LANGUAGE_STANDARD = gnu11;
				GCC_DYNAMIC_NO_PIC = NO;
				GCC_NO_COMMON_BLOCKS = YES;
				GCC_OPTIMIZATION_LEVEL = 0;
				GCC_PREPROCESSOR_DEFINITIONS = (
					"DEBUG=1",
					"$(inherited)",
				);
				GCC_WARN_64_TO_32_BIT_CONVERSION = YES;
				GCC_WARN_ABOUT_RETURN_TYPE = YES_ERROR;
				GCC_WARN_UNDECLARED_SELECTOR = YES;
				GCC_WARN_UNINITIALIZED_AUTOS = YES_AGGRESSIVE;
				GCC_WARN_UNUSED_FUNCTION = YES;
				GCC_WARN_UNUSED_VARIABLE = YES;
				IPHONEOS_DEPLOYMENT_TARGET = 15.0;
				MTL_ENABLE_DEBUG_INFO = INCLUDE_SOURCE;
				MTL_FAST_MATH = YES;
				ONLY_ACTIVE_ARCH = YES;
				SDKROOT = iphoneos;
				SWIFT_ACTIVE_COMPILATION_CONDITIONS = DEBUG;
				SWIFT_OPTIMIZATION_LEVEL = "-Onone";
			};
			name = Debug;
		};
		BF6455522711D1D40029C61E /* Release */ = {
			isa = XCBuildConfiguration;
			buildSettings = {
				ALWAYS_SEARCH_USER_PATHS = NO;
				CLANG_ANALYZER_NONNULL = YES;
				CLANG_ANALYZER_NUMBER_OBJECT_CONVERSION = YES_AGGRESSIVE;
				CLANG_CXX_LANGUAGE_STANDARD = "gnu++17";
				CLANG_CXX_LIBRARY = "libc++";
				CLANG_ENABLE_MODULES = YES;
				CLANG_ENABLE_OBJC_ARC = YES;
				CLANG_ENABLE_OBJC_WEAK = YES;
				CLANG_WARN_BLOCK_CAPTURE_AUTORELEASING = YES;
				CLANG_WARN_BOOL_CONVERSION = YES;
				CLANG_WARN_COMMA = YES;
				CLANG_WARN_CONSTANT_CONVERSION = YES;
				CLANG_WARN_DEPRECATED_OBJC_IMPLEMENTATIONS = YES;
				CLANG_WARN_DIRECT_OBJC_ISA_USAGE = YES_ERROR;
				CLANG_WARN_DOCUMENTATION_COMMENTS = YES;
				CLANG_WARN_EMPTY_BODY = YES;
				CLANG_WARN_ENUM_CONVERSION = YES;
				CLANG_WARN_INFINITE_RECURSION = YES;
				CLANG_WARN_INT_CONVERSION = YES;
				CLANG_WARN_NON_LITERAL_NULL_CONVERSION = YES;
				CLANG_WARN_OBJC_IMPLICIT_RETAIN_SELF = YES;
				CLANG_WARN_OBJC_LITERAL_CONVERSION = YES;
				CLANG_WARN_OBJC_ROOT_CLASS = YES_ERROR;
				CLANG_WARN_QUOTED_INCLUDE_IN_FRAMEWORK_HEADER = YES;
				CLANG_WARN_RANGE_LOOP_ANALYSIS = YES;
				CLANG_WARN_STRICT_PROTOTYPES = YES;
				CLANG_WARN_SUSPICIOUS_MOVE = YES;
				CLANG_WARN_UNGUARDED_AVAILABILITY = YES_AGGRESSIVE;
				CLANG_WARN_UNREACHABLE_CODE = YES;
				CLANG_WARN__DUPLICATE_METHOD_MATCH = YES;
				COPY_PHASE_STRIP = NO;
				DEBUG_INFORMATION_FORMAT = "dwarf-with-dsym";
				ENABLE_NS_ASSERTIONS = NO;
				ENABLE_STRICT_OBJC_MSGSEND = YES;
				GCC_C_LANGUAGE_STANDARD = gnu11;
				GCC_NO_COMMON_BLOCKS = YES;
				GCC_WARN_64_TO_32_BIT_CONVERSION = YES;
				GCC_WARN_ABOUT_RETURN_TYPE = YES_ERROR;
				GCC_WARN_UNDECLARED_SELECTOR = YES;
				GCC_WARN_UNINITIALIZED_AUTOS = YES_AGGRESSIVE;
				GCC_WARN_UNUSED_FUNCTION = YES;
				GCC_WARN_UNUSED_VARIABLE = YES;
				IPHONEOS_DEPLOYMENT_TARGET = 15.0;
				MTL_ENABLE_DEBUG_INFO = NO;
				MTL_FAST_MATH = YES;
				SDKROOT = iphoneos;
				SWIFT_COMPILATION_MODE = wholemodule;
				SWIFT_OPTIMIZATION_LEVEL = "-O";
				VALIDATE_PRODUCT = YES;
			};
			name = Release;
		};
		BF6455542711D1D40029C61E /* Debug */ = {
			isa = XCBuildConfiguration;
			baseConfigurationReference = F7E7C6ABD2E9D8BE72566121 /* Pods-originalAppTest1.debug.xcconfig */;
			buildSettings = {
				ASSETCATALOG_COMPILER_APPICON_NAME = AppIcon;
				ASSETCATALOG_COMPILER_GLOBAL_ACCENT_COLOR_NAME = AccentColor;
				CODE_SIGN_STYLE = Automatic;
				CURRENT_PROJECT_VERSION = 1;
				DEVELOPMENT_TEAM = PY5GZF65MN;
				GENERATE_INFOPLIST_FILE = YES;
				INFOPLIST_FILE = originalAppTest1/Info.plist;
				INFOPLIST_KEY_UIApplicationSupportsIndirectInputEvents = YES;
				INFOPLIST_KEY_UILaunchStoryboardName = LaunchScreen;
				INFOPLIST_KEY_UIMainStoryboardFile = Main;
				INFOPLIST_KEY_UISupportedInterfaceOrientations_iPad = "UIInterfaceOrientationPortrait UIInterfaceOrientationPortraitUpsideDown UIInterfaceOrientationLandscapeLeft UIInterfaceOrientationLandscapeRight";
				INFOPLIST_KEY_UISupportedInterfaceOrientations_iPhone = "UIInterfaceOrientationPortrait UIInterfaceOrientationLandscapeLeft UIInterfaceOrientationLandscapeRight";
				IPHONEOS_DEPLOYMENT_TARGET = 15.0;
				LD_RUNPATH_SEARCH_PATHS = (
					"$(inherited)",
					"@executable_path/Frameworks",
				);
				MARKETING_VERSION = 1.0;
				PRODUCT_BUNDLE_IDENTIFIER = com.majik0917.originalAppTest1;
				PRODUCT_NAME = "$(TARGET_NAME)";
				SWIFT_EMIT_LOC_STRINGS = YES;
				SWIFT_VERSION = 5.0;
				TARGETED_DEVICE_FAMILY = 1;
			};
			name = Debug;
		};
		BF6455552711D1D40029C61E /* Release */ = {
			isa = XCBuildConfiguration;
			baseConfigurationReference = D38070F747DF0CB49B3C32F0 /* Pods-originalAppTest1.release.xcconfig */;
			buildSettings = {
				ASSETCATALOG_COMPILER_APPICON_NAME = AppIcon;
				ASSETCATALOG_COMPILER_GLOBAL_ACCENT_COLOR_NAME = AccentColor;
				CODE_SIGN_STYLE = Automatic;
				CURRENT_PROJECT_VERSION = 1;
				DEVELOPMENT_TEAM = PY5GZF65MN;
				GENERATE_INFOPLIST_FILE = YES;
				INFOPLIST_FILE = originalAppTest1/Info.plist;
				INFOPLIST_KEY_UIApplicationSupportsIndirectInputEvents = YES;
				INFOPLIST_KEY_UILaunchStoryboardName = LaunchScreen;
				INFOPLIST_KEY_UIMainStoryboardFile = Main;
				INFOPLIST_KEY_UISupportedInterfaceOrientations_iPad = "UIInterfaceOrientationPortrait UIInterfaceOrientationPortraitUpsideDown UIInterfaceOrientationLandscapeLeft UIInterfaceOrientationLandscapeRight";
				INFOPLIST_KEY_UISupportedInterfaceOrientations_iPhone = "UIInterfaceOrientationPortrait UIInterfaceOrientationLandscapeLeft UIInterfaceOrientationLandscapeRight";
				IPHONEOS_DEPLOYMENT_TARGET = 15.0;
				LD_RUNPATH_SEARCH_PATHS = (
					"$(inherited)",
					"@executable_path/Frameworks",
				);
				MARKETING_VERSION = 1.0;
				PRODUCT_BUNDLE_IDENTIFIER = com.majik0917.originalAppTest1;
				PRODUCT_NAME = "$(TARGET_NAME)";
				SWIFT_EMIT_LOC_STRINGS = YES;
				SWIFT_VERSION = 5.0;
				TARGETED_DEVICE_FAMILY = 1;
			};
			name = Release;
		};
/* End XCBuildConfiguration section */

/* Begin XCConfigurationList section */
		BF64553A2711D1D30029C61E /* Build configuration list for PBXProject "originalAppTest1" */ = {
			isa = XCConfigurationList;
			buildConfigurations = (
				BF6455512711D1D40029C61E /* Debug */,
				BF6455522711D1D40029C61E /* Release */,
			);
			defaultConfigurationIsVisible = 0;
			defaultConfigurationName = Release;
		};
		BF6455532711D1D40029C61E /* Build configuration list for PBXNativeTarget "originalAppTest1" */ = {
			isa = XCConfigurationList;
			buildConfigurations = (
				BF6455542711D1D40029C61E /* Debug */,
				BF6455552711D1D40029C61E /* Release */,
			);
			defaultConfigurationIsVisible = 0;
			defaultConfigurationName = Release;
		};
/* End XCConfigurationList section */
	};
	rootObject = BF6455372711D1D30029C61E /* Project object */;
}
